
Microsoft Visual Studio Solution File, Format Version 12.00
# Visual Studio 15
VisualStudioVersion = 15.0.27130.2036
MinimumVisualStudioVersion = 10.0.40219.1
Project("{FAE04EC0-301F-11D3-BF4B-00C04F79EFBC}") = "ConsoleView", "ProducaoAlimentos\ConsoleView.csproj", "{00558152-4A03-4532-89DF-E0A7FC4FCDC9}"
EndProject
Project("{FAE04EC0-301F-11D3-BF4B-00C04F79EFBC}") = "Modelos", "Modelos\Modelos.csproj", "{23DD8434-0A30-44D5-8D4C-3A9A2C947EEF}"
EndProject
Global
	GlobalSection(SolutionConfigurationPlatforms) = preSolution
		Debug|Any CPU = Debug|Any CPU
		Release|Any CPU = Release|Any CPU
	EndGlobalSection
	GlobalSection(ProjectConfigurationPlatforms) = postSolution
		{00558152-4A03-4532-89DF-E0A7FC4FCDC9}.Debug|Any CPU.ActiveCfg = Debug|Any CPU
		{00558152-4A03-4532-89DF-E0A7FC4FCDC9}.Debug|Any CPU.Build.0 = Debug|Any CPU
		{00558152-4A03-4532-89DF-E0A7FC4FCDC9}.Release|Any CPU.ActiveCfg = Release|Any CPU
		{00558152-4A03-4532-89DF-E0A7FC4FCDC9}.Release|Any CPU.Build.0 = Release|Any CPU
		{23DD8434-0A30-44D5-8D4C-3A9A2C947EEF}.Debug|Any CPU.ActiveCfg = Debug|Any CPU
		{23DD8434-0A30-44D5-8D4C-3A9A2C947EEF}.Debug|Any CPU.Build.0 = Debug|Any CPU
		{23DD8434-0A30-44D5-8D4C-3A9A2C947EEF}.Release|Any CPU.ActiveCfg = Release|Any CPU
		{23DD8434-0A30-44D5-8D4C-3A9A2C947EEF}.Release|Any CPU.Build.0 = Release|Any CPU
	EndGlobalSection
	GlobalSection(SolutionProperties) = preSolution
		HideSolutionNode = FALSE
	EndGlobalSection
	GlobalSection(ExtensibilityGlobals) = postSolution
		SolutionGuid = {C1FF00DD-44E0-4816-854C-810A4A1275A3}
	EndGlobalSection
EndGlobal
