
Microsoft Visual Studio Solution File, Format Version 12.00
# Visual Studio 15
VisualStudioVersion = 15.0.27130.2036
MinimumVisualStudioVersion = 10.0.40219.1
Project("{FAE04EC0-301F-11D3-BF4B-00C04F79EFBC}") = "TesteSistemaEntregasInterface", "TesteSistemaEntregasInterface\TesteSistemaEntregasInterface.csproj", "{64032F7B-8293-4C25-B777-A892C87ACEA3}"
EndProject
Global
	GlobalSection(SolutionConfigurationPlatforms) = preSolution
		Debug|Any CPU = Debug|Any CPU
		Release|Any CPU = Release|Any CPU
	EndGlobalSection
	GlobalSection(ProjectConfigurationPlatforms) = postSolution
		{64032F7B-8293-4C25-B777-A892C87ACEA3}.Debug|Any CPU.ActiveCfg = Debug|Any CPU
		{64032F7B-8293-4C25-B777-A892C87ACEA3}.Debug|Any CPU.Build.0 = Debug|Any CPU
		{64032F7B-8293-4C25-B777-A892C87ACEA3}.Release|Any CPU.ActiveCfg = Release|Any CPU
		{64032F7B-8293-4C25-B777-A892C87ACEA3}.Release|Any CPU.Build.0 = Release|Any CPU
	EndGlobalSection
	GlobalSection(SolutionProperties) = preSolution
		HideSolutionNode = FALSE
	EndGlobalSection
	GlobalSection(ExtensibilityGlobals) = postSolution
		SolutionGuid = {3D245C3E-2F45-4592-8B63-D6C68BC8F9A7}
	EndGlobalSection
EndGlobal
